{
	"name": "micro-frontends-project",
	"version": "1.0.0",
	"lockfileVersion": 2,
	"requires": true,
	"packages": {
		"": {
			"name": "micro-frontends-project",
			"version": "1.0.0",
			"license": "MIT",
			"dependencies": {
				"qiankun": "^2.10.11"
			}
		},
		"node_modules/@babel/runtime": {
			"version": "7.22.6",
			"resolved": "https://registry.npmjs.org/@babel/runtime/-/runtime-7.22.6.tgz",
			"integrity": "sha512-wDb5pWm4WDdF6LFUde3Jl8WzPA+3ZbxYqkC6xAXuD3irdEHN1k0NfTRrJD8ZD378SJ61miMLCqIOXYhd8x+AJQ==",
			"dependencies": {
				"regenerator-runtime": "^0.13.11"
			},
			"engines": {
				"node": ">=6.9.0"
			}
		},
		"node_modules/import-html-entry": {
			"version": "1.14.6",
			"resolved": "https://registry.npmjs.org/import-html-entry/-/import-html-entry-1.14.6.tgz",
			"integrity": "sha512-5MQkbwIr8n/bXOoE05M5/Nm0lnHO46vnb3D6svSvtVwpDqwhd/X14zjLcU31QWZ6gL8rUXNzj6vKHx4yOUL6gQ==",
			"dependencies": {
				"@babel/runtime": "^7.7.2"
			}
		},
		"node_modules/lodash": {
			"version": "4.17.21",
			"resolved": "https://registry.npmjs.org/lodash/-/lodash-4.17.21.tgz",
			"integrity": "sha512-v2kDEe57lecTulaDIuNTPy3Ry4gLGJ6Z1O3vE1krgXZNrsQ+LFTGHVxVjcXPs17LhbZVGedAJv8XZ1tvj5FvSg=="
		},
		"node_modules/qiankun": {
			"version": "2.10.11",
			"resolved": "https://registry.npmjs.org/qiankun/-/qiankun-2.10.11.tgz",
			"integrity": "sha512-lKXZ3TFgKpeTC3kQQrZZUm5jb2d+MkHbPGW05rdVel72FwagZVlcXIrCNkn1lY7Ng8cnGJUsqYIX4exKf5PLuA==",
			"dependencies": {
				"@babel/runtime": "^7.10.5",
				"import-html-entry": "^1.14.5",
				"lodash": "^4.17.11",
				"single-spa": "^5.9.2"
			}
		},
		"node_modules/regenerator-runtime": {
			"version": "0.13.11",
			"resolved": "https://registry.npmjs.org/regenerator-runtime/-/regenerator-runtime-0.13.11.tgz",
			"integrity": "sha512-kY1AZVr2Ra+t+piVaJ4gxaFaReZVH40AKNo7UCX6W+dEwBo/2oZJzqfuN1qLq1oL45o56cPaTXELwrTh8Fpggg=="
		},
		"node_modules/single-spa": {
			"version": "5.9.5",
			"resolved": "https://registry.npmjs.org/single-spa/-/single-spa-5.9.5.tgz",
			"integrity": "sha512-9SQdmsyz4HSP+3gs6PJzhkaMEg+6zTlu9oxIghnwUX3eq+ajq4ft5egl0iyR55LAmO/UwvU8NgIWs/ZyQMa6dw=="
		}
	},
	"dependencies": {
		"@babel/runtime": {
			"version": "7.22.6",
			"resolved": "https://registry.npmjs.org/@babel/runtime/-/runtime-7.22.6.tgz",
			"integrity": "sha512-wDb5pWm4WDdF6LFUde3Jl8WzPA+3ZbxYqkC6xAXuD3irdEHN1k0NfTRrJD8ZD378SJ61miMLCqIOXYhd8x+AJQ==",
			"requires": {
				"regenerator-runtime": "^0.13.11"
			}
		},
		"import-html-entry": {
			"version": "1.14.6",
			"resolved": "https://registry.npmjs.org/import-html-entry/-/import-html-entry-1.14.6.tgz",
			"integrity": "sha512-5MQkbwIr8n/bXOoE05M5/Nm0lnHO46vnb3D6svSvtVwpDqwhd/X14zjLcU31QWZ6gL8rUXNzj6vKHx4yOUL6gQ==",
			"requires": {
				"@babel/runtime": "^7.7.2"
			}
		},
		"lodash": {
			"version": "4.17.21",
			"resolved": "https://registry.npmjs.org/lodash/-/lodash-4.17.21.tgz",
			"integrity": "sha512-v2kDEe57lecTulaDIuNTPy3Ry4gLGJ6Z1O3vE1krgXZNrsQ+LFTGHVxVjcXPs17LhbZVGedAJv8XZ1tvj5FvSg=="
		},
		"qiankun": {
			"version": "2.10.11",
			"resolved": "https://registry.npmjs.org/qiankun/-/qiankun-2.10.11.tgz",
			"integrity": "sha512-lKXZ3TFgKpeTC3kQQrZZUm5jb2d+MkHbPGW05rdVel72FwagZVlcXIrCNkn1lY7Ng8cnGJUsqYIX4exKf5PLuA==",
			"requires": {
				"@babel/runtime": "^7.10.5",
				"import-html-entry": "^1.14.5",
				"lodash": "^4.17.11",
				"single-spa": "^5.9.2"
			}
		},
		"regenerator-runtime": {
			"version": "0.13.11",
			"resolved": "https://registry.npmjs.org/regenerator-runtime/-/regenerator-runtime-0.13.11.tgz",
			"integrity": "sha512-kY1AZVr2Ra+t+piVaJ4gxaFaReZVH40AKNo7UCX6W+dEwBo/2oZJzqfuN1qLq1oL45o56cPaTXELwrTh8Fpggg=="
		},
		"single-spa": {
			"version": "5.9.5",
			"resolved": "https://registry.npmjs.org/single-spa/-/single-spa-5.9.5.tgz",
			"integrity": "sha512-9SQdmsyz4HSP+3gs6PJzhkaMEg+6zTlu9oxIghnwUX3eq+ajq4ft5egl0iyR55LAmO/UwvU8NgIWs/ZyQMa6dw=="
		}
	}
}
